
Microsoft Visual Studio Solution File, Format Version 12.00
# Visual Studio Version 17
VisualStudioVersion = 17.13.35818.85 d17.13
MinimumVisualStudioVersion = 10.0.40219.1
Project("{FAE04EC0-301F-11D3-BF4B-00C04F79EFBC}") = "DairyEntry", "DairyEntry\DairyEntry.csproj", "{4FE2AD44-86D5-45FA-BB42-EF8AE92055C6}"
EndProject
Global
	GlobalSection(SolutionConfigurationPlatforms) = preSolution
		Debug|Any CPU = Debug|Any CPU
		Release|Any CPU = Release|Any CPU
	EndGlobalSection
	GlobalSection(ProjectConfigurationPlatforms) = postSolution
		{4FE2AD44-86D5-45FA-BB42-EF8AE92055C6}.Debug|Any CPU.ActiveCfg = Debug|Any CPU
		{4FE2AD44-86D5-45FA-BB42-EF8AE92055C6}.Debug|Any CPU.Build.0 = Debug|Any CPU
		{4FE2AD44-86D5-45FA-BB42-EF8AE92055C6}.Release|Any CPU.ActiveCfg = Release|Any CPU
		{4FE2AD44-86D5-45FA-BB42-EF8AE92055C6}.Release|Any CPU.Build.0 = Release|Any CPU
	EndGlobalSection
	GlobalSection(SolutionProperties) = preSolution
		HideSolutionNode = FALSE
	EndGlobalSection
	GlobalSection(ExtensibilityGlobals) = postSolution
		SolutionGuid = {E3573181-B064-4A24-9236-601DA1673914}
	EndGlobalSection
EndGlobal
